
Microsoft Visual Studio Solution File, Format Version 12.00
Project("{FAE04EC0-301F-11D3-BF4B-00C04F79EFBC}") = "MindboxTest", "MindboxTest\MindboxTest.csproj", "{AD933CE8-2E7C-491A-8DF2-9BADEF66C48F}"
EndProject
Project("{FAE04EC0-301F-11D3-BF4B-00C04F79EFBC}") = "MindboxTest.AreaCalculator", "MindboxTest.AreaCalculator\MindboxTest.AreaCalculator.csproj", "{A2CF440A-6386-47C1-A737-EAEE08C7A6F7}"
EndProject
Project("{FAE04EC0-301F-11D3-BF4B-00C04F79EFBC}") = "MindboxTest.Tests", "MindboxTest.Tests\MindboxTest.Tests.csproj", "{33F4F95A-5380-4702-B6AE-44F1E7D941F8}"
EndProject
Global
	GlobalSection(SolutionConfigurationPlatforms) = preSolution
		Debug|Any CPU = Debug|Any CPU
		Release|Any CPU = Release|Any CPU
	EndGlobalSection
	GlobalSection(ProjectConfigurationPlatforms) = postSolution
		{AD933CE8-2E7C-491A-8DF2-9BADEF66C48F}.Debug|Any CPU.ActiveCfg = Debug|Any CPU
		{AD933CE8-2E7C-491A-8DF2-9BADEF66C48F}.Debug|Any CPU.Build.0 = Debug|Any CPU
		{AD933CE8-2E7C-491A-8DF2-9BADEF66C48F}.Release|Any CPU.ActiveCfg = Release|Any CPU
		{AD933CE8-2E7C-491A-8DF2-9BADEF66C48F}.Release|Any CPU.Build.0 = Release|Any CPU
		{A2CF440A-6386-47C1-A737-EAEE08C7A6F7}.Debug|Any CPU.ActiveCfg = Debug|Any CPU
		{A2CF440A-6386-47C1-A737-EAEE08C7A6F7}.Debug|Any CPU.Build.0 = Debug|Any CPU
		{A2CF440A-6386-47C1-A737-EAEE08C7A6F7}.Release|Any CPU.ActiveCfg = Release|Any CPU
		{A2CF440A-6386-47C1-A737-EAEE08C7A6F7}.Release|Any CPU.Build.0 = Release|Any CPU
		{33F4F95A-5380-4702-B6AE-44F1E7D941F8}.Debug|Any CPU.ActiveCfg = Debug|Any CPU
		{33F4F95A-5380-4702-B6AE-44F1E7D941F8}.Debug|Any CPU.Build.0 = Debug|Any CPU
		{33F4F95A-5380-4702-B6AE-44F1E7D941F8}.Release|Any CPU.ActiveCfg = Release|Any CPU
		{33F4F95A-5380-4702-B6AE-44F1E7D941F8}.Release|Any CPU.Build.0 = Release|Any CPU
	EndGlobalSection
EndGlobal
